
Microsoft Visual Studio Solution File, Format Version 12.00
# Visual Studio Version 17
VisualStudioVersion = 17.3.32825.248
MinimumVisualStudioVersion = 10.0.40219.1
Project("{FAE04EC0-301F-11D3-BF4B-00C04F79EFBC}") = "RDLC_ExportTest", "RDLC_ExportTest\RDLC_ExportTest.csproj", "{06462441-F45C-4503-80FA-6638628F31B2}"
EndProject
Global
	GlobalSection(SolutionConfigurationPlatforms) = preSolution
		Debug|Any CPU = Debug|Any CPU
		Release|Any CPU = Release|Any CPU
	EndGlobalSection
	GlobalSection(ProjectConfigurationPlatforms) = postSolution
		{06462441-F45C-4503-80FA-6638628F31B2}.Debug|Any CPU.ActiveCfg = Debug|Any CPU
		{06462441-F45C-4503-80FA-6638628F31B2}.Debug|Any CPU.Build.0 = Debug|Any CPU
		{06462441-F45C-4503-80FA-6638628F31B2}.Release|Any CPU.ActiveCfg = Release|Any CPU
		{06462441-F45C-4503-80FA-6638628F31B2}.Release|Any CPU.Build.0 = Release|Any CPU
	EndGlobalSection
	GlobalSection(SolutionProperties) = preSolution
		HideSolutionNode = FALSE
	EndGlobalSection
	GlobalSection(ExtensibilityGlobals) = postSolution
		SolutionGuid = {3A681B9C-F04B-48AA-8E8C-9E03D377F9FE}
	EndGlobalSection
EndGlobal
